
Microsoft Visual Studio Solution File, Format Version 12.00
# Visual Studio 15
VisualStudioVersion = 15.0.27130.2020
MinimumVisualStudioVersion = 10.0.40219.1
Project("{FAE04EC0-301F-11D3-BF4B-00C04F79EFBC}") = "EcmFileEditor", "EcmFileEditor\EcmFileEditor.csproj", "{C5CD17BA-0135-4079-BC5C-E942BCF753E3}"
EndProject
Global
	GlobalSection(SolutionConfigurationPlatforms) = preSolution
		Debug|Any CPU = Debug|Any CPU
		Release|Any CPU = Release|Any CPU
	EndGlobalSection
	GlobalSection(ProjectConfigurationPlatforms) = postSolution
		{C5CD17BA-0135-4079-BC5C-E942BCF753E3}.Debug|Any CPU.ActiveCfg = Debug|Any CPU
		{C5CD17BA-0135-4079-BC5C-E942BCF753E3}.Debug|Any CPU.Build.0 = Debug|Any CPU
		{C5CD17BA-0135-4079-BC5C-E942BCF753E3}.Release|Any CPU.ActiveCfg = Release|Any CPU
		{C5CD17BA-0135-4079-BC5C-E942BCF753E3}.Release|Any CPU.Build.0 = Release|Any CPU
	EndGlobalSection
	GlobalSection(SolutionProperties) = preSolution
		HideSolutionNode = FALSE
	EndGlobalSection
	GlobalSection(ExtensibilityGlobals) = postSolution
		SolutionGuid = {3BD3E665-CC01-401A-AE27-5F8C508C083A}
	EndGlobalSection
EndGlobal
